{
  "originHash" : "cb18ed509d253f716a675c3aa0d72e4cba16c89893ddd5e9b601ccf2127bf5ff",
  "pins" : [
    {
      "identity" : "grdb.swift",
      "kind" : "remoteSourceControl",
      "location" : "https://github.com/groue/GRDB.swift.git",
      "state" : {
        "revision" : "04e73c26c4ce8218ab85aaf791942bb0b204f330",
        "version" : "7.4.1"
      }
    }
  ],
  "version" : 3
}
